// !$*UTF8*$!
{
	archiveVersion = 1;
	classes = {
	};
	objectVersion = 46;
	objects = {

/* Begin PBXBuildFile section */
		04AD89A11F271AAF0061CCB5 /* Mirco_tools.m in Sources */ = {isa = PBXBuildFile; fileRef = 04AD89A01F271AAF0061CCB5 /* Mirco_tools.m */; };
		04AD89A21F271AAF0061CCB5 /* Mirco_tools.h in CopyFiles */ = {isa = PBXBuildFile; fileRef = 04AD899F1F271AAF0061CCB5 /* Mirco_tools.h */; };
/* End PBXBuildFile section */

/* Begin PBXCopyFilesBuildPhase section */
		04AD899A1F271AAF0061CCB5 /* CopyFiles */ = {
			isa = PBXCopyFilesBuildPhase;
			buildActionMask = 2147483647;
			dstPath = "include/$(PRODUCT_NAME)";
			dstSubfolderSpec = 16;
			files = (
				04AD89A21F271AAF0061CCB5 /* Mirco_tools.h in CopyFiles */,
			);
			runOnlyForDeploymentPostprocessing = 0;
		};
/* End PBXCopyFilesBuildPhase section */

/* Begin PBXFileReference section */
		04AD899C1F271AAF0061CCB5 /* libMirco.tools.a */ = {isa = PBXFileReference; explicitFileType = archive.ar; includeInIndex = 0; path = libMirco.tools.a; sourceTree = BUILT_PRODUCTS_DIR; };
		04AD899F1F271AAF0061CCB5 /* Mirco_tools.h */ = {isa = PBXFileReference; lastKnownFileType = sourcecode.c.h; path = Mirco_tools.h; sourceTree = "<group>"; };
		04AD89A01F271AAF0061CCB5 /* Mirco_tools.m */ = {isa = PBXFileReference; lastKnownFileType = sourcecode.c.objc; path = Mirco_tools.m; sourceTree = "<group>"; };
/* End PBXFileReference section */

/* Begin PBXFrameworksBuildPhase section */
		04AD89991F271AAF0061CCB5 /* Frameworks */ = {
			isa = PBXFrameworksBuildPhase;
			buildActionMask = 2147483647;
			files = (
			);
			runOnlyForDeploymentPostprocessing = 0;
		};
/* End PBXFrameworksBuildPhase section */

/* Begin PBXGroup section */
		04AD89931F271AAF0061CCB5 = {
			isa = PBXGroup;
			children = (
				04AD899E1F271AAF0061CCB5 /* Mirco.tools */,
				04AD899D1F271AAF0061CCB5 /* Products */,
			);
			sourceTree = "<group>";
		};
		04AD899D1F271AAF0061CCB5 /* Products */ = {
			isa = PBXGroup;
			children = (
				04AD899C1F271AAF0061CCB5 /* libMirco.tools.a */,
			);
			name = Products;
			sourceTree = "<group>";
		};
		04AD899E1F271AAF0061CCB5 /* Mirco.tools */ = {
			isa = PBXGroup;
			children = (
				04AD899F1F271AAF0061CCB5 /* Mirco_tools.h */,
				04AD89A01F271AAF0061CCB5 /* Mirco_tools.m */,
			);
			path = Mirco.tools;
			sourceTree = "<group>";
		};
/* End PBXGroup section */

/* Begin PBXNativeTarget section */
		04AD899B1F271AAF0061CCB5 /* Mirco.tools */ = {
			isa = PBXNativeTarget;
			buildConfigurationList = 04AD89A51F271AAF0061CCB5 /* Build configuration list for PBXNativeTarget "Mirco.tools" */;
			buildPhases = (
				04AD89981F271AAF0061CCB5 /* Sources */,
				04AD89991F271AAF0061CCB5 /* Frameworks */,
				04AD899A1F271AAF0061CCB5 /* CopyFiles */,
			);
			buildRules = (
			);
			dependencies = (
			);
			name = Mirco.tools;
			productName = Mirco.tools;
			productReference = 04AD899C1F271AAF0061CCB5 /* libMirco.tools.a */;
			productType = "com.apple.product-type.library.static";
		};
/* End PBXNativeTarget section */

/* Begin PBXProject section */
		04AD89941F271AAF0061CCB5 /* Project object */ = {
			isa = PBXProject;
			attributes = {
				LastUpgradeCheck = 0830;
				ORGANIZATIONNAME = "镇微";
				TargetAttributes = {
					04AD899B1F271AAF0061CCB5 = {
						CreatedOnToolsVersion = 8.3.2;
						ProvisioningStyle = Automatic;
					};
				};
			};
			buildConfigurationList = 04AD89971F271AAF0061CCB5 /* Build configuration list for PBXProject "Mirco.tools" */;
			compatibilityVersion = "Xcode 3.2";
			developmentRegion = English;
			hasScannedForEncodings = 0;
			knownRegions = (
				en,
			);
			mainGroup = 04AD89931F271AAF0061CCB5;
			productRefGroup = 04AD899D1F271AAF0061CCB5 /* Products */;
			projectDirPath = "";
			projectRoot = "";
			targets = (
				04AD899B1F271AAF0061CCB5 /* Mirco.tools */,
			);
		};
/* End PBXProject section */

/* Begin PBXSourcesBuildPhase section */
		04AD89981F271AAF0061CCB5 /* Sources */ = {
			isa = PBXSourcesBuildPhase;
			buildActionMask = 2147483647;
			files = (
				04AD89A11F271AAF0061CCB5 /* Mirco_tools.m in Sources */,
			);
			runOnlyForDeploymentPostprocessing = 0;
		};
/* End PBXSourcesBuildPhase section */

/* Begin XCBuildConfiguration section */
		04AD89A31F271AAF0061CCB5 /* Debug */ = {
			isa = XCBuildConfiguration;
			buildSettings = {
				ALWAYS_SEARCH_USER_PATHS = NO;
				CLANG_ANALYZER_NONNULL = YES;
				CLANG_ANALYZER_NUMBER_OBJECT_CONVERSION = YES_AGGRESSIVE;
				CLANG_CXX_LANGUAGE_STANDARD = "gnu++0x";
				CLANG_CXX_LIBRARY = "libc++";
				CLANG_ENABLE_MODULES = YES;
				CLANG_ENABLE_OBJC_ARC = YES;
				CLANG_WARN_BOOL_CONVERSION = YES;
				CLANG_WARN_CONSTANT_CONVERSION = YES;
				CLANG_WARN_DIRECT_OBJC_ISA_USAGE = YES_ERROR;
				CLANG_WARN_DOCUMENTATION_COMMENTS = YES;
				CLANG_WARN_EMPTY_BODY = YES;
				CLANG_WARN_ENUM_CONVERSION = YES;
				CLANG_WARN_INFINITE_RECURSION = YES;
				CLANG_WARN_INT_CONVERSION = YES;
				CLANG_WARN_OBJC_ROOT_CLASS = YES_ERROR;
				CLANG_WARN_SUSPICIOUS_MOVE = YES;
				CLANG_WARN_UNREACHABLE_CODE = YES;
				CLANG_WARN__DUPLICATE_METHOD_MATCH = YES;
				"CODE_SIGN_IDENTITY[sdk=iphoneos*]" = "iPhone Developer";
				COPY_PHASE_STRIP = NO;
				DEBUG_INFORMATION_FORMAT = dwarf;
				ENABLE_STRICT_OBJC_MSGSEND = YES;
				ENABLE_TESTABILITY = YES;
				GCC_C_LANGUAGE_STANDARD = gnu99;
				GCC_DYNAMIC_NO_PIC = NO;
				GCC_NO_COMMON_BLOCKS = YES;
				GCC_OPTIMIZATION_LEVEL = 0;
				GCC_PREPROCESSOR_DEFINITIONS = (
					"DEBUG=1",
					"$(inherited)",
				);
				GCC_WARN_64_TO_32_BIT_CONVERSION = YES;
				GCC_WARN_ABOUT_RETURN_TYPE = YES_ERROR;
				GCC_WARN_UNDECLARED_SELECTOR = YES;
				GCC_WARN_UNINITIALIZED_AUTOS = YES_AGGRESSIVE;
				GCC_WARN_UNUSED_FUNCTION = YES;
				GCC_WARN_UNUSED_VARIABLE = YES;
				IPHONEOS_DEPLOYMENT_TARGET = 10.3;
				MTL_ENABLE_DEBUG_INFO = YES;
				ONLY_ACTIVE_ARCH = YES;
				SDKROOT = iphoneos;
			};
			name = Debug;
		};
		04AD89A41F271AAF0061CCB5 /* Release */ = {
			isa = XCBuildConfiguration;
			buildSettings = {
				ALWAYS_SEARCH_USER_PATHS = NO;
				CLANG_ANALYZER_NONNULL = YES;
				CLANG_ANALYZER_NUMBER_OBJECT_CONVERSION = YES_AGGRESSIVE;
				CLANG_CXX_LANGUAGE_STANDARD = "gnu++0x";
				CLANG_CXX_LIBRARY = "libc++";
				CLANG_ENABLE_MODULES = YES;
				CLANG_ENABLE_OBJC_ARC = YES;
				CLANG_WARN_BOOL_CONVERSION = YES;
				CLANG_WARN_CONSTANT_CONVERSION = YES;
				CLANG_WARN_DIRECT_OBJC_ISA_USAGE = YES_ERROR;
				CLANG_WARN_DOCUMENTATION_COMMENTS = YES;
				CLANG_WARN_EMPTY_BODY = YES;
				CLANG_WARN_ENUM_CONVERSION = YES;
				CLANG_WARN_INFINITE_RECURSION = YES;
				CLANG_WARN_INT_CONVERSION = YES;
				CLANG_WARN_OBJC_ROOT_CLASS = YES_ERROR;
				CLANG_WARN_SUSPICIOUS_MOVE = YES;
				CLANG_WARN_UNREACHABLE_CODE = YES;
				CLANG_WARN__DUPLICATE_METHOD_MATCH = YES;
				"CODE_SIGN_IDENTITY[sdk=iphoneos*]" = "iPhone Developer";
				COPY_PHASE_STRIP = NO;
				DEBUG_INFORMATION_FORMAT = "dwarf-with-dsym";
				ENABLE_NS_ASSERTIONS = NO;
				ENABLE_STRICT_OBJC_MSGSEND = YES;
				GCC_C_LANGUAGE_STANDARD = gnu99;
				GCC_NO_COMMON_BLOCKS = YES;
				GCC_WARN_64_TO_32_BIT_CONVERSION = YES;
				GCC_WARN_ABOUT_RETURN_TYPE = YES_ERROR;
				GCC_WARN_UNDECLARED_SELECTOR = YES;
				GCC_WARN_UNINITIALIZED_AUTOS = YES_AGGRESSIVE;
				GCC_WARN_UNUSED_FUNCTION = YES;
				GCC_WARN_UNUSED_VARIABLE = YES;
				IPHONEOS_DEPLOYMENT_TARGET = 10.3;
				MTL_ENABLE_DEBUG_INFO = NO;
				SDKROOT = iphoneos;
				VALIDATE_PRODUCT = YES;
			};
			name = Release;
		};
		04AD89A61F271AAF0061CCB5 /* Debug */ = {
			isa = XCBuildConfiguration;
			buildSettings = {
				OTHER_LDFLAGS = "-ObjC";
				PRODUCT_NAME = "$(TARGET_NAME)";
				SKIP_INSTALL = YES;
				USER_HEADER_SEARCH_PATHS = "\"$(SRCROOT)/../MicroTown/MicroTown\"/** \"$(SRCROOT)/../Mirco.const/Mirco.const\"/** \"$(SRCROOT)/../Micro.models/Micro.models\"/**";
			};
			name = Debug;
		};
		04AD89A71F271AAF0061CCB5 /* Release */ = {
			isa = XCBuildConfiguration;
			buildSettings = {
				OTHER_LDFLAGS = "-ObjC";
				PRODUCT_NAME = "$(TARGET_NAME)";
				SKIP_INSTALL = YES;
				USER_HEADER_SEARCH_PATHS = "\"$(SRCROOT)/../MicroTown/MicroTown\"/** \"$(SRCROOT)/../Mirco.const/Mirco.const\"/** \"$(SRCROOT)/../Micro.models/Micro.models\"/**";
			};
			name = Release;
		};
/* End XCBuildConfiguration section */

/* Begin XCConfigurationList section */
		04AD89971F271AAF0061CCB5 /* Build configuration list for PBXProject "Mirco.tools" */ = {
			isa = XCConfigurationList;
			buildConfigurations = (
				04AD89A31F271AAF0061CCB5 /* Debug */,
				04AD89A41F271AAF0061CCB5 /* Release */,
			);
			defaultConfigurationIsVisible = 0;
			defaultConfigurationName = Release;
		};
		04AD89A51F271AAF0061CCB5 /* Build configuration list for PBXNativeTarget "Mirco.tools" */ = {
			isa = XCConfigurationList;
			buildConfigurations = (
				04AD89A61F271AAF0061CCB5 /* Debug */,
				04AD89A71F271AAF0061CCB5 /* Release */,
			);
			defaultConfigurationIsVisible = 0;
			defaultConfigurationName = Release;
		};
/* End XCConfigurationList section */
	};
	rootObject = 04AD89941F271AAF0061CCB5 /* Project object */;
}
