// !$*UTF8*$!
{
	archiveVersion = 1;
	classes = {
	};
	objectVersion = 46;
	objects = {

/* Begin PBXBuildFile section */
		04AD895A1F26D8500061CCB5 /* main.m in Sources */ = {isa = PBXBuildFile; fileRef = 04AD89591F26D8500061CCB5 /* main.m */; };
		04AD895D1F26D8500061CCB5 /* AppDelegate.m in Sources */ = {isa = PBXBuildFile; fileRef = 04AD895C1F26D8500061CCB5 /* AppDelegate.m */; };
		04AD89631F26D8500061CCB5 /* Main.storyboard in Resources */ = {isa = PBXBuildFile; fileRef = 04AD89611F26D8500061CCB5 /* Main.storyboard */; };
		04AD89651F26D8500061CCB5 /* Assets.xcassets in Resources */ = {isa = PBXBuildFile; fileRef = 04AD89641F26D8500061CCB5 /* Assets.xcassets */; };
		04AD89681F26D8500061CCB5 /* LaunchScreen.storyboard in Resources */ = {isa = PBXBuildFile; fileRef = 04AD89661F26D8500061CCB5 /* LaunchScreen.storyboard */; };
		04AD898E1F26DBF80061CCB5 /* libMicro.models.a in Frameworks */ = {isa = PBXBuildFile; fileRef = 04AD898D1F26DBF80061CCB5 /* libMicro.models.a */; };
		04AD89BE1F271B280061CCB5 /* libMirco.const.a in Frameworks */ = {isa = PBXBuildFile; fileRef = 04AD89BD1F271B280061CCB5 /* libMirco.const.a */; };
		04AD89C01F271B2B0061CCB5 /* libMirco.tools.a in Frameworks */ = {isa = PBXBuildFile; fileRef = 04AD89BF1F271B2B0061CCB5 /* libMirco.tools.a */; };
		04AD89C71F2728470061CCB5 /* CommonHtml5Controller.m in Sources */ = {isa = PBXBuildFile; fileRef = 04AD89C21F2728470061CCB5 /* CommonHtml5Controller.m */; };
		04AD89C81F2728470061CCB5 /* MTWebProgressLayer.m in Sources */ = {isa = PBXBuildFile; fileRef = 04AD89C41F2728470061CCB5 /* MTWebProgressLayer.m */; };
		04AD89C91F2728470061CCB5 /* NSTimer+MTAddition.m in Sources */ = {isa = PBXBuildFile; fileRef = 04AD89C61F2728470061CCB5 /* NSTimer+MTAddition.m */; };
		04F283171F31ADF300E412E7 /* MTTabBarBadge.m in Sources */ = {isa = PBXBuildFile; fileRef = 04F283161F31ADF300E412E7 /* MTTabBarBadge.m */; };
		04F2831C1F31B2EE00E412E7 /* MTTabBarController.bundle in Resources */ = {isa = PBXBuildFile; fileRef = 04F2831B1F31B2EE00E412E7 /* MTTabBarController.bundle */; };
		04F2831F1F31BDE500E412E7 /* MTTabBarItem.m in Sources */ = {isa = PBXBuildFile; fileRef = 04F2831E1F31BDE500E412E7 /* MTTabBarItem.m */; };
		04F283221F32B62600E412E7 /* MTTabBar.m in Sources */ = {isa = PBXBuildFile; fileRef = 04F283211F32B62600E412E7 /* MTTabBar.m */; };
		04F283251F32CC1800E412E7 /* MTTabBarController.m in Sources */ = {isa = PBXBuildFile; fileRef = 04F283241F32CC1800E412E7 /* MTTabBarController.m */; };
		04F283281F33015A00E412E7 /* BaseTabBarController.m in Sources */ = {isa = PBXBuildFile; fileRef = 04F283271F33015A00E412E7 /* BaseTabBarController.m */; };
		04F283301F3303BA00E412E7 /* MTAsserts.storyboard in Resources */ = {isa = PBXBuildFile; fileRef = 04F2832F1F3303BA00E412E7 /* MTAsserts.storyboard */; };
		04F283321F3303FC00E412E7 /* MTMarket.storyboard in Resources */ = {isa = PBXBuildFile; fileRef = 04F283311F3303FC00E412E7 /* MTMarket.storyboard */; };
		04F283341F33043100E412E7 /* MTLeadingInvestment.storyboard in Resources */ = {isa = PBXBuildFile; fileRef = 04F283331F33043100E412E7 /* MTLeadingInvestment.storyboard */; };
		04F283361F33045300E412E7 /* MTPersonal.storyboard in Resources */ = {isa = PBXBuildFile; fileRef = 04F283351F33045300E412E7 /* MTPersonal.storyboard */; };
		04F2833C1F33068300E412E7 /* AssertsViewController.m in Sources */ = {isa = PBXBuildFile; fileRef = 04F2833B1F33068300E412E7 /* AssertsViewController.m */; };
		04F2833F1F33090E00E412E7 /* MarketViewController.m in Sources */ = {isa = PBXBuildFile; fileRef = 04F2833E1F33090E00E412E7 /* MarketViewController.m */; };
		04F283421F33093100E412E7 /* LeadingViewController.m in Sources */ = {isa = PBXBuildFile; fileRef = 04F283411F33093100E412E7 /* LeadingViewController.m */; };
		04F283451F33097400E412E7 /* PersonalViewController.m in Sources */ = {isa = PBXBuildFile; fileRef = 04F283441F33097400E412E7 /* PersonalViewController.m */; };
		04F283481F330ED700E412E7 /* BaseNavigationController.m in Sources */ = {isa = PBXBuildFile; fileRef = 04F283471F330ED700E412E7 /* BaseNavigationController.m */; };
		A5E70C45948779BC20E3A956 /* Pods_MicroTown.framework in Frameworks */ = {isa = PBXBuildFile; fileRef = 77D1D1A58DE451D435126698 /* Pods_MicroTown.framework */; };
/* End PBXBuildFile section */

/* Begin PBXFileReference section */
		04AD89551F26D8500061CCB5 /* MicroTown.app */ = {isa = PBXFileReference; explicitFileType = wrapper.application; includeInIndex = 0; path = MicroTown.app; sourceTree = BUILT_PRODUCTS_DIR; };
		04AD89591F26D8500061CCB5 /* main.m */ = {isa = PBXFileReference; lastKnownFileType = sourcecode.c.objc; path = main.m; sourceTree = "<group>"; };
		04AD895B1F26D8500061CCB5 /* AppDelegate.h */ = {isa = PBXFileReference; lastKnownFileType = sourcecode.c.h; path = AppDelegate.h; sourceTree = "<group>"; };
		04AD895C1F26D8500061CCB5 /* AppDelegate.m */ = {isa = PBXFileReference; lastKnownFileType = sourcecode.c.objc; path = AppDelegate.m; sourceTree = "<group>"; };
		04AD89621F26D8500061CCB5 /* Base */ = {isa = PBXFileReference; lastKnownFileType = file.storyboard; name = Base; path = Base.lproj/Main.storyboard; sourceTree = "<group>"; };
		04AD89641F26D8500061CCB5 /* Assets.xcassets */ = {isa = PBXFileReference; lastKnownFileType = folder.assetcatalog; path = Assets.xcassets; sourceTree = "<group>"; };
		04AD89671F26D8500061CCB5 /* Base */ = {isa = PBXFileReference; lastKnownFileType = file.storyboard; name = Base; path = Base.lproj/LaunchScreen.storyboard; sourceTree = "<group>"; };
		04AD89691F26D8500061CCB5 /* Info.plist */ = {isa = PBXFileReference; lastKnownFileType = text.plist.xml; path = Info.plist; sourceTree = "<group>"; };
		04AD898D1F26DBF80061CCB5 /* libMicro.models.a */ = {isa = PBXFileReference; lastKnownFileType = archive.ar; name = libMicro.models.a; path = "../Micro.models/build/Debug-iphoneos/libMicro.models.a"; sourceTree = "<group>"; };
		04AD89BD1F271B280061CCB5 /* libMirco.const.a */ = {isa = PBXFileReference; lastKnownFileType = archive.ar; name = libMirco.const.a; path = "../Mirco.const/build/Debug-iphoneos/libMirco.const.a"; sourceTree = "<group>"; };
		04AD89BF1F271B2B0061CCB5 /* libMirco.tools.a */ = {isa = PBXFileReference; lastKnownFileType = archive.ar; name = libMirco.tools.a; path = "../Mirco.tools/build/Debug-iphoneos/libMirco.tools.a"; sourceTree = "<group>"; };
		04AD89C11F2728470061CCB5 /* CommonHtml5Controller.h */ = {isa = PBXFileReference; fileEncoding = 4; lastKnownFileType = sourcecode.c.h; path = CommonHtml5Controller.h; sourceTree = "<group>"; };
		04AD89C21F2728470061CCB5 /* CommonHtml5Controller.m */ = {isa = PBXFileReference; fileEncoding = 4; lastKnownFileType = sourcecode.c.objc; path = CommonHtml5Controller.m; sourceTree = "<group>"; };
		04AD89C31F2728470061CCB5 /* MTWebProgressLayer.h */ = {isa = PBXFileReference; fileEncoding = 4; lastKnownFileType = sourcecode.c.h; path = MTWebProgressLayer.h; sourceTree = "<group>"; };
		04AD89C41F2728470061CCB5 /* MTWebProgressLayer.m */ = {isa = PBXFileReference; fileEncoding = 4; lastKnownFileType = sourcecode.c.objc; path = MTWebProgressLayer.m; sourceTree = "<group>"; };
		04AD89C51F2728470061CCB5 /* NSTimer+MTAddition.h */ = {isa = PBXFileReference; fileEncoding = 4; lastKnownFileType = sourcecode.c.h; path = "NSTimer+MTAddition.h"; sourceTree = "<group>"; };
		04AD89C61F2728470061CCB5 /* NSTimer+MTAddition.m */ = {isa = PBXFileReference; fileEncoding = 4; lastKnownFileType = sourcecode.c.objc; path = "NSTimer+MTAddition.m"; sourceTree = "<group>"; };
		04F283151F31ADF300E412E7 /* MTTabBarBadge.h */ = {isa = PBXFileReference; fileEncoding = 4; lastKnownFileType = sourcecode.c.h; path = MTTabBarBadge.h; sourceTree = "<group>"; };
		04F283161F31ADF300E412E7 /* MTTabBarBadge.m */ = {isa = PBXFileReference; fileEncoding = 4; lastKnownFileType = sourcecode.c.objc; path = MTTabBarBadge.m; sourceTree = "<group>"; };
		04F2831B1F31B2EE00E412E7 /* MTTabBarController.bundle */ = {isa = PBXFileReference; lastKnownFileType = "wrapper.plug-in"; path = MTTabBarController.bundle; sourceTree = "<group>"; };
		04F2831D1F31BDE500E412E7 /* MTTabBarItem.h */ = {isa = PBXFileReference; fileEncoding = 4; lastKnownFileType = sourcecode.c.h; path = MTTabBarItem.h; sourceTree = "<group>"; };
		04F2831E1F31BDE500E412E7 /* MTTabBarItem.m */ = {isa = PBXFileReference; fileEncoding = 4; lastKnownFileType = sourcecode.c.objc; path = MTTabBarItem.m; sourceTree = "<group>"; };
		04F283201F32B62600E412E7 /* MTTabBar.h */ = {isa = PBXFileReference; fileEncoding = 4; lastKnownFileType = sourcecode.c.h; path = MTTabBar.h; sourceTree = "<group>"; };
		04F283211F32B62600E412E7 /* MTTabBar.m */ = {isa = PBXFileReference; fileEncoding = 4; lastKnownFileType = sourcecode.c.objc; path = MTTabBar.m; sourceTree = "<group>"; };
		04F283231F32CC1800E412E7 /* MTTabBarController.h */ = {isa = PBXFileReference; fileEncoding = 4; lastKnownFileType = sourcecode.c.h; path = MTTabBarController.h; sourceTree = "<group>"; };
		04F283241F32CC1800E412E7 /* MTTabBarController.m */ = {isa = PBXFileReference; fileEncoding = 4; lastKnownFileType = sourcecode.c.objc; path = MTTabBarController.m; sourceTree = "<group>"; };
		04F283261F33015A00E412E7 /* BaseTabBarController.h */ = {isa = PBXFileReference; fileEncoding = 4; lastKnownFileType = sourcecode.c.h; path = BaseTabBarController.h; sourceTree = "<group>"; };
		04F283271F33015A00E412E7 /* BaseTabBarController.m */ = {isa = PBXFileReference; fileEncoding = 4; lastKnownFileType = sourcecode.c.objc; path = BaseTabBarController.m; sourceTree = "<group>"; };
		04F2832F1F3303BA00E412E7 /* MTAsserts.storyboard */ = {isa = PBXFileReference; fileEncoding = 4; lastKnownFileType = file.storyboard; path = MTAsserts.storyboard; sourceTree = "<group>"; };
		04F283311F3303FC00E412E7 /* MTMarket.storyboard */ = {isa = PBXFileReference; fileEncoding = 4; lastKnownFileType = file.storyboard; path = MTMarket.storyboard; sourceTree = "<group>"; };
		04F283331F33043100E412E7 /* MTLeadingInvestment.storyboard */ = {isa = PBXFileReference; fileEncoding = 4; lastKnownFileType = file.storyboard; path = MTLeadingInvestment.storyboard; sourceTree = "<group>"; };
		04F283351F33045300E412E7 /* MTPersonal.storyboard */ = {isa = PBXFileReference; fileEncoding = 4; lastKnownFileType = file.storyboard; path = MTPersonal.storyboard; sourceTree = "<group>"; };
		04F2833A1F33068200E412E7 /* AssertsViewController.h */ = {isa = PBXFileReference; fileEncoding = 4; lastKnownFileType = sourcecode.c.h; path = AssertsViewController.h; sourceTree = "<group>"; };
		04F2833B1F33068300E412E7 /* AssertsViewController.m */ = {isa = PBXFileReference; fileEncoding = 4; lastKnownFileType = sourcecode.c.objc; path = AssertsViewController.m; sourceTree = "<group>"; };
		04F2833D1F33090E00E412E7 /* MarketViewController.h */ = {isa = PBXFileReference; fileEncoding = 4; lastKnownFileType = sourcecode.c.h; path = MarketViewController.h; sourceTree = "<group>"; };
		04F2833E1F33090E00E412E7 /* MarketViewController.m */ = {isa = PBXFileReference; fileEncoding = 4; lastKnownFileType = sourcecode.c.objc; path = MarketViewController.m; sourceTree = "<group>"; };
		04F283401F33093100E412E7 /* LeadingViewController.h */ = {isa = PBXFileReference; fileEncoding = 4; lastKnownFileType = sourcecode.c.h; path = LeadingViewController.h; sourceTree = "<group>"; };
		04F283411F33093100E412E7 /* LeadingViewController.m */ = {isa = PBXFileReference; fileEncoding = 4; lastKnownFileType = sourcecode.c.objc; path = LeadingViewController.m; sourceTree = "<group>"; };
		04F283431F33097400E412E7 /* PersonalViewController.h */ = {isa = PBXFileReference; fileEncoding = 4; lastKnownFileType = sourcecode.c.h; path = PersonalViewController.h; sourceTree = "<group>"; };
		04F283441F33097400E412E7 /* PersonalViewController.m */ = {isa = PBXFileReference; fileEncoding = 4; lastKnownFileType = sourcecode.c.objc; path = PersonalViewController.m; sourceTree = "<group>"; };
		04F283461F330ED700E412E7 /* BaseNavigationController.h */ = {isa = PBXFileReference; fileEncoding = 4; lastKnownFileType = sourcecode.c.h; path = BaseNavigationController.h; sourceTree = "<group>"; };
		04F283471F330ED700E412E7 /* BaseNavigationController.m */ = {isa = PBXFileReference; fileEncoding = 4; lastKnownFileType = sourcecode.c.objc; path = BaseNavigationController.m; sourceTree = "<group>"; };
		77D1D1A58DE451D435126698 /* Pods_MicroTown.framework */ = {isa = PBXFileReference; explicitFileType = wrapper.framework; includeInIndex = 0; path = Pods_MicroTown.framework; sourceTree = BUILT_PRODUCTS_DIR; };
		8C74FE29D6C5678F16AEB176 /* Pods-MicroTown.debug.xcconfig */ = {isa = PBXFileReference; includeInIndex = 1; lastKnownFileType = text.xcconfig; name = "Pods-MicroTown.debug.xcconfig"; path = "Pods/Target Support Files/Pods-MicroTown/Pods-MicroTown.debug.xcconfig"; sourceTree = "<group>"; };
		AD487042A192D40F201A1224 /* Pods-MicroTown.release.xcconfig */ = {isa = PBXFileReference; includeInIndex = 1; lastKnownFileType = text.xcconfig; name = "Pods-MicroTown.release.xcconfig"; path = "Pods/Target Support Files/Pods-MicroTown/Pods-MicroTown.release.xcconfig"; sourceTree = "<group>"; };
/* End PBXFileReference section */

/* Begin PBXFrameworksBuildPhase section */
		04AD89521F26D8500061CCB5 /* Frameworks */ = {
			isa = PBXFrameworksBuildPhase;
			buildActionMask = 2147483647;
			files = (
				04AD89C01F271B2B0061CCB5 /* libMirco.tools.a in Frameworks */,
				04AD89BE1F271B280061CCB5 /* libMirco.const.a in Frameworks */,
				04AD898E1F26DBF80061CCB5 /* libMicro.models.a in Frameworks */,
				A5E70C45948779BC20E3A956 /* Pods_MicroTown.framework in Frameworks */,
			);
			runOnlyForDeploymentPostprocessing = 0;
		};
/* End PBXFrameworksBuildPhase section */

/* Begin PBXGroup section */
		04AD894C1F26D8500061CCB5 = {
			isa = PBXGroup;
			children = (
				04AD89571F26D8500061CCB5 /* MicroTown */,
				04AD89561F26D8500061CCB5 /* Products */,
				04AD89841F26D8F60061CCB5 /* Frameworks */,
				457617E62314A7F43F45727B /* Pods */,
			);
			sourceTree = "<group>";
		};
		04AD89561F26D8500061CCB5 /* Products */ = {
			isa = PBXGroup;
			children = (
				04AD89551F26D8500061CCB5 /* MicroTown.app */,
			);
			name = Products;
			sourceTree = "<group>";
		};
		04AD89571F26D8500061CCB5 /* MicroTown */ = {
			isa = PBXGroup;
			children = (
				04F283291F33029100E412E7 /* Main */,
				04F283131F31AD1D00E412E7 /* General */,
				04AD895B1F26D8500061CCB5 /* AppDelegate.h */,
				04AD895C1F26D8500061CCB5 /* AppDelegate.m */,
				04AD89C11F2728470061CCB5 /* CommonHtml5Controller.h */,
				04AD89C21F2728470061CCB5 /* CommonHtml5Controller.m */,
				04AD89C31F2728470061CCB5 /* MTWebProgressLayer.h */,
				04AD89C41F2728470061CCB5 /* MTWebProgressLayer.m */,
				04AD89C51F2728470061CCB5 /* NSTimer+MTAddition.h */,
				04AD89C61F2728470061CCB5 /* NSTimer+MTAddition.m */,
				04AD89611F26D8500061CCB5 /* Main.storyboard */,
				04AD89641F26D8500061CCB5 /* Assets.xcassets */,
				04AD89661F26D8500061CCB5 /* LaunchScreen.storyboard */,
				04AD89691F26D8500061CCB5 /* Info.plist */,
				04AD89581F26D8500061CCB5 /* Supporting Files */,
			);
			path = MicroTown;
			sourceTree = "<group>";
		};
		04AD89581F26D8500061CCB5 /* Supporting Files */ = {
			isa = PBXGroup;
			children = (
				04AD89591F26D8500061CCB5 /* main.m */,
			);
			name = "Supporting Files";
			sourceTree = "<group>";
		};
		04AD89841F26D8F60061CCB5 /* Frameworks */ = {
			isa = PBXGroup;
			children = (
				04AD89BF1F271B2B0061CCB5 /* libMirco.tools.a */,
				04AD89BD1F271B280061CCB5 /* libMirco.const.a */,
				04AD898D1F26DBF80061CCB5 /* libMicro.models.a */,
				77D1D1A58DE451D435126698 /* Pods_MicroTown.framework */,
			);
			name = Frameworks;
			sourceTree = "<group>";
		};
		04F283131F31AD1D00E412E7 /* General */ = {
			isa = PBXGroup;
			children = (
				04F283141F31AD2D00E412E7 /* MTTarBarController */,
			);
			path = General;
			sourceTree = "<group>";
		};
		04F283141F31AD2D00E412E7 /* MTTarBarController */ = {
			isa = PBXGroup;
			children = (
				04F2831B1F31B2EE00E412E7 /* MTTabBarController.bundle */,
				04F283151F31ADF300E412E7 /* MTTabBarBadge.h */,
				04F283161F31ADF300E412E7 /* MTTabBarBadge.m */,
				04F2831D1F31BDE500E412E7 /* MTTabBarItem.h */,
				04F2831E1F31BDE500E412E7 /* MTTabBarItem.m */,
				04F283201F32B62600E412E7 /* MTTabBar.h */,
				04F283211F32B62600E412E7 /* MTTabBar.m */,
				04F283231F32CC1800E412E7 /* MTTabBarController.h */,
				04F283241F32CC1800E412E7 /* MTTabBarController.m */,
				04F283261F33015A00E412E7 /* BaseTabBarController.h */,
				04F283271F33015A00E412E7 /* BaseTabBarController.m */,
				04F283461F330ED700E412E7 /* BaseNavigationController.h */,
				04F283471F330ED700E412E7 /* BaseNavigationController.m */,
			);
			name = MTTarBarController;
			sourceTree = "<group>";
		};
		04F283291F33029100E412E7 /* Main */ = {
			isa = PBXGroup;
			children = (
				04F2832E1F3302D200E412E7 /* MTAsserts */,
				04F2832D1F3302CE00E412E7 /* MTMarket */,
				04F2832C1F3302C900E412E7 /* MTLeadingInvestment */,
				04F2832A1F33029E00E412E7 /* MTPersonal */,
			);
			path = Main;
			sourceTree = "<group>";
		};
		04F2832A1F33029E00E412E7 /* MTPersonal */ = {
			isa = PBXGroup;
			children = (
				04F283351F33045300E412E7 /* MTPersonal.storyboard */,
				04F283431F33097400E412E7 /* PersonalViewController.h */,
				04F283441F33097400E412E7 /* PersonalViewController.m */,
			);
			name = MTPersonal;
			sourceTree = "<group>";
		};
		04F2832C1F3302C900E412E7 /* MTLeadingInvestment */ = {
			isa = PBXGroup;
			children = (
				04F283331F33043100E412E7 /* MTLeadingInvestment.storyboard */,
				04F283401F33093100E412E7 /* LeadingViewController.h */,
				04F283411F33093100E412E7 /* LeadingViewController.m */,
			);
			name = MTLeadingInvestment;
			sourceTree = "<group>";
		};
		04F2832D1F3302CE00E412E7 /* MTMarket */ = {
			isa = PBXGroup;
			children = (
				04F283311F3303FC00E412E7 /* MTMarket.storyboard */,
				04F2833D1F33090E00E412E7 /* MarketViewController.h */,
				04F2833E1F33090E00E412E7 /* MarketViewController.m */,
			);
			name = MTMarket;
			sourceTree = "<group>";
		};
		04F2832E1F3302D200E412E7 /* MTAsserts */ = {
			isa = PBXGroup;
			children = (
				04F2832F1F3303BA00E412E7 /* MTAsserts.storyboard */,
				04F2833A1F33068200E412E7 /* AssertsViewController.h */,
				04F2833B1F33068300E412E7 /* AssertsViewController.m */,
			);
			name = MTAsserts;
			sourceTree = "<group>";
		};
		457617E62314A7F43F45727B /* Pods */ = {
			isa = PBXGroup;
			children = (
				8C74FE29D6C5678F16AEB176 /* Pods-MicroTown.debug.xcconfig */,
				AD487042A192D40F201A1224 /* Pods-MicroTown.release.xcconfig */,
			);
			name = Pods;
			sourceTree = "<group>";
		};
/* End PBXGroup section */

/* Begin PBXNativeTarget section */
		04AD89541F26D8500061CCB5 /* MicroTown */ = {
			isa = PBXNativeTarget;
			buildConfigurationList = 04AD896C1F26D8500061CCB5 /* Build configuration list for PBXNativeTarget "MicroTown" */;
			buildPhases = (
				3624203DB1D3BAA05B9C61C1 /* [CP] Check Pods Manifest.lock */,
				04AD89511F26D8500061CCB5 /* Sources */,
				04AD89521F26D8500061CCB5 /* Frameworks */,
				04AD89531F26D8500061CCB5 /* Resources */,
				5D5CD716A10393EC5C8A469C /* [CP] Embed Pods Frameworks */,
				F457B9786B468C3F8FAAA0AF /* [CP] Copy Pods Resources */,
			);
			buildRules = (
			);
			dependencies = (
			);
			name = MicroTown;
			productName = MicroTown;
			productReference = 04AD89551F26D8500061CCB5 /* MicroTown.app */;
			productType = "com.apple.product-type.application";
		};
/* End PBXNativeTarget section */

/* Begin PBXProject section */
		04AD894D1F26D8500061CCB5 /* Project object */ = {
			isa = PBXProject;
			attributes = {
				LastUpgradeCheck = 0830;
				ORGANIZATIONNAME = "镇微";
				TargetAttributes = {
					04AD89541F26D8500061CCB5 = {
						CreatedOnToolsVersion = 8.3.2;
						ProvisioningStyle = Automatic;
					};
				};
			};
			buildConfigurationList = 04AD89501F26D8500061CCB5 /* Build configuration list for PBXProject "MicroTown" */;
			compatibilityVersion = "Xcode 3.2";
			developmentRegion = English;
			hasScannedForEncodings = 0;
			knownRegions = (
				en,
				Base,
			);
			mainGroup = 04AD894C1F26D8500061CCB5;
			productRefGroup = 04AD89561F26D8500061CCB5 /* Products */;
			projectDirPath = "";
			projectRoot = "";
			targets = (
				04AD89541F26D8500061CCB5 /* MicroTown */,
			);
		};
/* End PBXProject section */

/* Begin PBXResourcesBuildPhase section */
		04AD89531F26D8500061CCB5 /* Resources */ = {
			isa = PBXResourcesBuildPhase;
			buildActionMask = 2147483647;
			files = (
				04AD89681F26D8500061CCB5 /* LaunchScreen.storyboard in Resources */,
				04F283361F33045300E412E7 /* MTPersonal.storyboard in Resources */,
				04AD89651F26D8500061CCB5 /* Assets.xcassets in Resources */,
				04F2831C1F31B2EE00E412E7 /* MTTabBarController.bundle in Resources */,
				04F283341F33043100E412E7 /* MTLeadingInvestment.storyboard in Resources */,
				04AD89631F26D8500061CCB5 /* Main.storyboard in Resources */,
				04F283301F3303BA00E412E7 /* MTAsserts.storyboard in Resources */,
				04F283321F3303FC00E412E7 /* MTMarket.storyboard in Resources */,
			);
			runOnlyForDeploymentPostprocessing = 0;
		};
/* End PBXResourcesBuildPhase section */

/* Begin PBXShellScriptBuildPhase section */
		3624203DB1D3BAA05B9C61C1 /* [CP] Check Pods Manifest.lock */ = {
			isa = PBXShellScriptBuildPhase;
			buildActionMask = 2147483647;
			files = (
			);
			inputPaths = (
			);
			name = "[CP] Check Pods Manifest.lock";
			outputPaths = (
			);
			runOnlyForDeploymentPostprocessing = 0;
			shellPath = /bin/sh;
			shellScript = "diff \"${PODS_ROOT}/../Podfile.lock\" \"${PODS_ROOT}/Manifest.lock\" > /dev/null\nif [ $? != 0 ] ; then\n    # print error to STDERR\n    echo \"error: The sandbox is not in sync with the Podfile.lock. Run 'pod install' or update your CocoaPods installation.\" >&2\n    exit 1\nfi\n";
			showEnvVarsInLog = 0;
		};
		5D5CD716A10393EC5C8A469C /* [CP] Embed Pods Frameworks */ = {
			isa = PBXShellScriptBuildPhase;
			buildActionMask = 2147483647;
			files = (
			);
			inputPaths = (
			);
			name = "[CP] Embed Pods Frameworks";
			outputPaths = (
			);
			runOnlyForDeploymentPostprocessing = 0;
			shellPath = /bin/sh;
			shellScript = "\"${SRCROOT}/Pods/Target Support Files/Pods-MicroTown/Pods-MicroTown-frameworks.sh\"\n";
			showEnvVarsInLog = 0;
		};
		F457B9786B468C3F8FAAA0AF /* [CP] Copy Pods Resources */ = {
			isa = PBXShellScriptBuildPhase;
			buildActionMask = 2147483647;
			files = (
			);
			inputPaths = (
			);
			name = "[CP] Copy Pods Resources";
			outputPaths = (
			);
			runOnlyForDeploymentPostprocessing = 0;
			shellPath = /bin/sh;
			shellScript = "\"${SRCROOT}/Pods/Target Support Files/Pods-MicroTown/Pods-MicroTown-resources.sh\"\n";
			showEnvVarsInLog = 0;
		};
/* End PBXShellScriptBuildPhase section */

/* Begin PBXSourcesBuildPhase section */
		04AD89511F26D8500061CCB5 /* Sources */ = {
			isa = PBXSourcesBuildPhase;
			buildActionMask = 2147483647;
			files = (
				04F283221F32B62600E412E7 /* MTTabBar.m in Sources */,
				04AD89C91F2728470061CCB5 /* NSTimer+MTAddition.m in Sources */,
				04F283451F33097400E412E7 /* PersonalViewController.m in Sources */,
				04F283481F330ED700E412E7 /* BaseNavigationController.m in Sources */,
				04AD89C71F2728470061CCB5 /* CommonHtml5Controller.m in Sources */,
				04F283251F32CC1800E412E7 /* MTTabBarController.m in Sources */,
				04AD895D1F26D8500061CCB5 /* AppDelegate.m in Sources */,
				04F2833C1F33068300E412E7 /* AssertsViewController.m in Sources */,
				04F283171F31ADF300E412E7 /* MTTabBarBadge.m in Sources */,
				04F2833F1F33090E00E412E7 /* MarketViewController.m in Sources */,
				04F2831F1F31BDE500E412E7 /* MTTabBarItem.m in Sources */,
				04F283281F33015A00E412E7 /* BaseTabBarController.m in Sources */,
				04AD89C81F2728470061CCB5 /* MTWebProgressLayer.m in Sources */,
				04AD895A1F26D8500061CCB5 /* main.m in Sources */,
				04F283421F33093100E412E7 /* LeadingViewController.m in Sources */,
			);
			runOnlyForDeploymentPostprocessing = 0;
		};
/* End PBXSourcesBuildPhase section */

/* Begin PBXVariantGroup section */
		04AD89611F26D8500061CCB5 /* Main.storyboard */ = {
			isa = PBXVariantGroup;
			children = (
				04AD89621F26D8500061CCB5 /* Base */,
			);
			name = Main.storyboard;
			sourceTree = "<group>";
		};
		04AD89661F26D8500061CCB5 /* LaunchScreen.storyboard */ = {
			isa = PBXVariantGroup;
			children = (
				04AD89671F26D8500061CCB5 /* Base */,
			);
			name = LaunchScreen.storyboard;
			sourceTree = "<group>";
		};
/* End PBXVariantGroup section */

/* Begin XCBuildConfiguration section */
		04AD896A1F26D8500061CCB5 /* Debug */ = {
			isa = XCBuildConfiguration;
			buildSettings = {
				ALWAYS_SEARCH_USER_PATHS = NO;
				CLANG_ANALYZER_NONNULL = YES;
				CLANG_ANALYZER_NUMBER_OBJECT_CONVERSION = YES_AGGRESSIVE;
				CLANG_CXX_LANGUAGE_STANDARD = "gnu++0x";
				CLANG_CXX_LIBRARY = "libc++";
				CLANG_ENABLE_MODULES = YES;
				CLANG_ENABLE_OBJC_ARC = YES;
				CLANG_WARN_BOOL_CONVERSION = YES;
				CLANG_WARN_CONSTANT_CONVERSION = YES;
				CLANG_WARN_DIRECT_OBJC_ISA_USAGE = YES_ERROR;
				CLANG_WARN_DOCUMENTATION_COMMENTS = YES;
				CLANG_WARN_EMPTY_BODY = YES;
				CLANG_WARN_ENUM_CONVERSION = YES;
				CLANG_WARN_INFINITE_RECURSION = YES;
				CLANG_WARN_INT_CONVERSION = YES;
				CLANG_WARN_OBJC_ROOT_CLASS = YES_ERROR;
				CLANG_WARN_SUSPICIOUS_MOVE = YES;
				CLANG_WARN_UNREACHABLE_CODE = YES;
				CLANG_WARN__DUPLICATE_METHOD_MATCH = YES;
				"CODE_SIGN_IDENTITY[sdk=iphoneos*]" = "iPhone Developer";
				COPY_PHASE_STRIP = NO;
				DEBUG_INFORMATION_FORMAT = dwarf;
				ENABLE_STRICT_OBJC_MSGSEND = YES;
				ENABLE_TESTABILITY = YES;
				GCC_C_LANGUAGE_STANDARD = gnu99;
				GCC_DYNAMIC_NO_PIC = NO;
				GCC_NO_COMMON_BLOCKS = YES;
				GCC_OPTIMIZATION_LEVEL = 0;
				GCC_PREPROCESSOR_DEFINITIONS = (
					"DEBUG=1",
					"$(inherited)",
				);
				GCC_WARN_64_TO_32_BIT_CONVERSION = YES;
				GCC_WARN_ABOUT_RETURN_TYPE = YES_ERROR;
				GCC_WARN_UNDECLARED_SELECTOR = YES;
				GCC_WARN_UNINITIALIZED_AUTOS = YES_AGGRESSIVE;
				GCC_WARN_UNUSED_FUNCTION = YES;
				GCC_WARN_UNUSED_VARIABLE = YES;
				IPHONEOS_DEPLOYMENT_TARGET = 10.3;
				MTL_ENABLE_DEBUG_INFO = YES;
				ONLY_ACTIVE_ARCH = YES;
				SDKROOT = iphoneos;
			};
			name = Debug;
		};
		04AD896B1F26D8500061CCB5 /* Release */ = {
			isa = XCBuildConfiguration;
			buildSettings = {
				ALWAYS_SEARCH_USER_PATHS = NO;
				CLANG_ANALYZER_NONNULL = YES;
				CLANG_ANALYZER_NUMBER_OBJECT_CONVERSION = YES_AGGRESSIVE;
				CLANG_CXX_LANGUAGE_STANDARD = "gnu++0x";
				CLANG_CXX_LIBRARY = "libc++";
				CLANG_ENABLE_MODULES = YES;
				CLANG_ENABLE_OBJC_ARC = YES;
				CLANG_WARN_BOOL_CONVERSION = YES;
				CLANG_WARN_CONSTANT_CONVERSION = YES;
				CLANG_WARN_DIRECT_OBJC_ISA_USAGE = YES_ERROR;
				CLANG_WARN_DOCUMENTATION_COMMENTS = YES;
				CLANG_WARN_EMPTY_BODY = YES;
				CLANG_WARN_ENUM_CONVERSION = YES;
				CLANG_WARN_INFINITE_RECURSION = YES;
				CLANG_WARN_INT_CONVERSION = YES;
				CLANG_WARN_OBJC_ROOT_CLASS = YES_ERROR;
				CLANG_WARN_SUSPICIOUS_MOVE = YES;
				CLANG_WARN_UNREACHABLE_CODE = YES;
				CLANG_WARN__DUPLICATE_METHOD_MATCH = YES;
				"CODE_SIGN_IDENTITY[sdk=iphoneos*]" = "iPhone Developer";
				COPY_PHASE_STRIP = NO;
				DEBUG_INFORMATION_FORMAT = "dwarf-with-dsym";
				ENABLE_NS_ASSERTIONS = NO;
				ENABLE_STRICT_OBJC_MSGSEND = YES;
				GCC_C_LANGUAGE_STANDARD = gnu99;
				GCC_NO_COMMON_BLOCKS = YES;
				GCC_WARN_64_TO_32_BIT_CONVERSION = YES;
				GCC_WARN_ABOUT_RETURN_TYPE = YES_ERROR;
				GCC_WARN_UNDECLARED_SELECTOR = YES;
				GCC_WARN_UNINITIALIZED_AUTOS = YES_AGGRESSIVE;
				GCC_WARN_UNUSED_FUNCTION = YES;
				GCC_WARN_UNUSED_VARIABLE = YES;
				IPHONEOS_DEPLOYMENT_TARGET = 10.3;
				MTL_ENABLE_DEBUG_INFO = NO;
				SDKROOT = iphoneos;
				VALIDATE_PRODUCT = YES;
			};
			name = Release;
		};
		04AD896D1F26D8500061CCB5 /* Debug */ = {
			isa = XCBuildConfiguration;
			baseConfigurationReference = 8C74FE29D6C5678F16AEB176 /* Pods-MicroTown.debug.xcconfig */;
			buildSettings = {
				ALWAYS_SEARCH_USER_PATHS = NO;
				ASSETCATALOG_COMPILER_APPICON_NAME = AppIcon;
				HEADER_SEARCH_PATHS = "";
				INFOPLIST_FILE = MicroTown/Info.plist;
				LD_RUNPATH_SEARCH_PATHS = "$(inherited) @executable_path/Frameworks";
				OTHER_LDFLAGS = "";
				PRODUCT_BUNDLE_IDENTIFIER = com.jimmy.MicroTown;
				PRODUCT_NAME = "$(TARGET_NAME)";
				USER_HEADER_SEARCH_PATHS = "$(SRCROOT)/../Micro.models/** \"$(SRCROOT)/../Mirco.tools/Mirco.tools\"/** \"$(SRCROOT)/../Mirco.const/Mirco.const\"/**";
			};
			name = Debug;
		};
		04AD896E1F26D8500061CCB5 /* Release */ = {
			isa = XCBuildConfiguration;
			baseConfigurationReference = AD487042A192D40F201A1224 /* Pods-MicroTown.release.xcconfig */;
			buildSettings = {
				ALWAYS_SEARCH_USER_PATHS = NO;
				ASSETCATALOG_COMPILER_APPICON_NAME = AppIcon;
				HEADER_SEARCH_PATHS = "";
				INFOPLIST_FILE = MicroTown/Info.plist;
				LD_RUNPATH_SEARCH_PATHS = "$(inherited) @executable_path/Frameworks";
				OTHER_LDFLAGS = "";
				PRODUCT_BUNDLE_IDENTIFIER = com.jimmy.MicroTown;
				PRODUCT_NAME = "$(TARGET_NAME)";
				USER_HEADER_SEARCH_PATHS = "$(SRCROOT)/../Micro.models/** \"$(SRCROOT)/../Mirco.tools/Mirco.tools\"/** \"$(SRCROOT)/../Mirco.const/Mirco.const\"/**";
			};
			name = Release;
		};
/* End XCBuildConfiguration section */

/* Begin XCConfigurationList section */
		04AD89501F26D8500061CCB5 /* Build configuration list for PBXProject "MicroTown" */ = {
			isa = XCConfigurationList;
			buildConfigurations = (
				04AD896A1F26D8500061CCB5 /* Debug */,
				04AD896B1F26D8500061CCB5 /* Release */,
			);
			defaultConfigurationIsVisible = 0;
			defaultConfigurationName = Release;
		};
		04AD896C1F26D8500061CCB5 /* Build configuration list for PBXNativeTarget "MicroTown" */ = {
			isa = XCConfigurationList;
			buildConfigurations = (
				04AD896D1F26D8500061CCB5 /* Debug */,
				04AD896E1F26D8500061CCB5 /* Release */,
			);
			defaultConfigurationIsVisible = 0;
			defaultConfigurationName = Release;
		};
/* End XCConfigurationList section */
	};
	rootObject = 04AD894D1F26D8500061CCB5 /* Project object */;
}
